// !$*UTF8*$!
{
	archiveVersion = 1;
	classes = {
	};
	objectVersion = 56;
	objects = {

/* Begin PBXBuildFile section */
		558711D92BF9D93A006DCB29 /* AppDelegate.swift in Sources */ = {isa = PBXBuildFile; fileRef = 558711D82BF9D93A006DCB29 /* AppDelegate.swift */; };
		558711DB2BF9D93A006DCB29 /* SceneDelegate.swift in Sources */ = {isa = PBXBuildFile; fileRef = 558711DA2BF9D93A006DCB29 /* SceneDelegate.swift */; };
		558711DD2BF9D93A006DCB29 /* ViewController.swift in Sources */ = {isa = PBXBuildFile; fileRef = 558711DC2BF9D93A006DCB29 /* ViewController.swift */; };
		558711E02BF9D93A006DCB29 /* Base in Resources */ = {isa = PBXBuildFile; fileRef = 558711DF2BF9D93A006DCB29 /* Base */; };
		558711E22BF9D93C006DCB29 /* Assets.xcassets in Resources */ = {isa = PBXBuildFile; fileRef = 558711E12BF9D93C006DCB29 /* Assets.xcassets */; };
		558711E52BF9D93C006DCB29 /* Base in Resources */ = {isa = PBXBuildFile; fileRef = 558711E42BF9D93C006DCB29 /* Base */; };
		5598524A2BF9DFD8001A9D7F /* StartTripViewController.swift in Sources */ = {isa = PBXBuildFile; fileRef = 559852492BF9DFD8001A9D7F /* StartTripViewController.swift */; };
		5598524C2BF9E3AD001A9D7F /* TabBarController.swift in Sources */ = {isa = PBXBuildFile; fileRef = 5598524B2BF9E3AD001A9D7F /* TabBarController.swift */; };
		559852502BF9F6CB001A9D7F /* TripRequirementsViewController.swift in Sources */ = {isa = PBXBuildFile; fileRef = 5598524F2BF9F6CB001A9D7F /* TripRequirementsViewController.swift */; };
/* End PBXBuildFile section */

/* Begin PBXFileReference section */
		558711D52BF9D93A006DCB29 /* Tripom.app */ = {isa = PBXFileReference; explicitFileType = wrapper.application; includeInIndex = 0; path = Tripom.app; sourceTree = BUILT_PRODUCTS_DIR; };
		558711D82BF9D93A006DCB29 /* AppDelegate.swift */ = {isa = PBXFileReference; lastKnownFileType = sourcecode.swift; path = AppDelegate.swift; sourceTree = "<group>"; };
		558711DA2BF9D93A006DCB29 /* SceneDelegate.swift */ = {isa = PBXFileReference; lastKnownFileType = sourcecode.swift; path = SceneDelegate.swift; sourceTree = "<group>"; };
		558711DC2BF9D93A006DCB29 /* ViewController.swift */ = {isa = PBXFileReference; lastKnownFileType = sourcecode.swift; path = ViewController.swift; sourceTree = "<group>"; };
		558711DF2BF9D93A006DCB29 /* Base */ = {isa = PBXFileReference; lastKnownFileType = file.storyboard; name = Base; path = Base.lproj/Main.storyboard; sourceTree = "<group>"; };
		558711E12BF9D93C006DCB29 /* Assets.xcassets */ = {isa = PBXFileReference; lastKnownFileType = folder.assetcatalog; path = Assets.xcassets; sourceTree = "<group>"; };
		558711E42BF9D93C006DCB29 /* Base */ = {isa = PBXFileReference; lastKnownFileType = file.storyboard; name = Base; path = Base.lproj/LaunchScreen.storyboard; sourceTree = "<group>"; };
		558711E62BF9D93C006DCB29 /* Info.plist */ = {isa = PBXFileReference; lastKnownFileType = text.plist.xml; path = Info.plist; sourceTree = "<group>"; };
		559852492BF9DFD8001A9D7F /* StartTripViewController.swift */ = {isa = PBXFileReference; lastKnownFileType = sourcecode.swift; path = StartTripViewController.swift; sourceTree = "<group>"; };
		5598524B2BF9E3AD001A9D7F /* TabBarController.swift */ = {isa = PBXFileReference; lastKnownFileType = sourcecode.swift; path = TabBarController.swift; sourceTree = "<group>"; };
		5598524F2BF9F6CB001A9D7F /* TripRequirementsViewController.swift */ = {isa = PBXFileReference; lastKnownFileType = sourcecode.swift; path = TripRequirementsViewController.swift; sourceTree = "<group>"; };
/* End PBXFileReference section */

/* Begin PBXFrameworksBuildPhase section */
		558711D22BF9D93A006DCB29 /* Frameworks */ = {
			isa = PBXFrameworksBuildPhase;
			buildActionMask = 2147483647;
			files = (
			);
			runOnlyForDeploymentPostprocessing = 0;
		};
/* End PBXFrameworksBuildPhase section */

/* Begin PBXGroup section */
		558711CC2BF9D93A006DCB29 = {
			isa = PBXGroup;
			children = (
				558711D72BF9D93A006DCB29 /* Tripom */,
				558711D62BF9D93A006DCB29 /* Products */,
			);
			sourceTree = "<group>";
		};
		558711D62BF9D93A006DCB29 /* Products */ = {
			isa = PBXGroup;
			children = (
				558711D52BF9D93A006DCB29 /* Tripom.app */,
			);
			name = Products;
			sourceTree = "<group>";
		};
		558711D72BF9D93A006DCB29 /* Tripom */ = {
			isa = PBXGroup;
			children = (
				558711D82BF9D93A006DCB29 /* AppDelegate.swift */,
				558711DA2BF9D93A006DCB29 /* SceneDelegate.swift */,
				558711DC2BF9D93A006DCB29 /* ViewController.swift */,
				558711DE2BF9D93A006DCB29 /* Main.storyboard */,
				558711E12BF9D93C006DCB29 /* Assets.xcassets */,
				558711E32BF9D93C006DCB29 /* LaunchScreen.storyboard */,
				558711E62BF9D93C006DCB29 /* Info.plist */,
				5598524B2BF9E3AD001A9D7F /* TabBarController.swift */,
				559852492BF9DFD8001A9D7F /* StartTripViewController.swift */,
				5598524F2BF9F6CB001A9D7F /* TripRequirementsViewController.swift */,
			);
			path = Tripom;
			sourceTree = "<group>";
		};
/* End PBXGroup section */

/* Begin PBXNativeTarget section */
		558711D42BF9D93A006DCB29 /* Tripom */ = {
			isa = PBXNativeTarget;
			buildConfigurationList = 558711E92BF9D93C006DCB29 /* Build configuration list for PBXNativeTarget "Tripom" */;
			buildPhases = (
				558711D12BF9D93A006DCB29 /* Sources */,
				558711D22BF9D93A006DCB29 /* Frameworks */,
				558711D32BF9D93A006DCB29 /* Resources */,
			);
			buildRules = (
			);
			dependencies = (
			);
			name = Tripom;
			productName = Tripom;
			productReference = 558711D52BF9D93A006DCB29 /* Tripom.app */;
			productType = "com.apple.product-type.application";
		};
/* End PBXNativeTarget section */

/* Begin PBXProject section */
		558711CD2BF9D93A006DCB29 /* Project object */ = {
			isa = PBXProject;
			attributes = {
				BuildIndependentTargetsInParallel = 1;
				LastSwiftUpdateCheck = 1530;
				LastUpgradeCheck = 1530;
				TargetAttributes = {
					558711D42BF9D93A006DCB29 = {
						CreatedOnToolsVersion = 15.3;
					};
				};
			};
			buildConfigurationList = 558711D02BF9D93A006DCB29 /* Build configuration list for PBXProject "Tripom" */;
			compatibilityVersion = "Xcode 14.0";
			developmentRegion = en;
			hasScannedForEncodings = 0;
			knownRegions = (
				en,
				Base,
			);
			mainGroup = 558711CC2BF9D93A006DCB29;
			productRefGroup = 558711D62BF9D93A006DCB29 /* Products */;
			projectDirPath = "";
			projectRoot = "";
			targets = (
				558711D42BF9D93A006DCB29 /* Tripom */,
			);
		};
/* End PBXProject section */

/* Begin PBXResourcesBuildPhase section */
		558711D32BF9D93A006DCB29 /* Resources */ = {
			isa = PBXResourcesBuildPhase;
			buildActionMask = 2147483647;
			files = (
				558711E22BF9D93C006DCB29 /* Assets.xcassets in Resources */,
				558711E52BF9D93C006DCB29 /* Base in Resources */,
				558711E02BF9D93A006DCB29 /* Base in Resources */,
			);
			runOnlyForDeploymentPostprocessing = 0;
		};
/* End PBXResourcesBuildPhase section */

/* Begin PBXSourcesBuildPhase section */
		558711D12BF9D93A006DCB29 /* Sources */ = {
			isa = PBXSourcesBuildPhase;
			buildActionMask = 2147483647;
			files = (
				559852502BF9F6CB001A9D7F /* TripRequirementsViewController.swift in Sources */,
				5598524A2BF9DFD8001A9D7F /* StartTripViewController.swift in Sources */,
				558711DD2BF9D93A006DCB29 /* ViewController.swift in Sources */,
				558711D92BF9D93A006DCB29 /* AppDelegate.swift in Sources */,
				5598524C2BF9E3AD001A9D7F /* TabBarController.swift in Sources */,
				558711DB2BF9D93A006DCB29 /* SceneDelegate.swift in Sources */,
			);
			runOnlyForDeploymentPostprocessing = 0;
		};
/* End PBXSourcesBuildPhase section */

/* Begin PBXVariantGroup section */
		558711DE2BF9D93A006DCB29 /* Main.storyboard */ = {
			isa = PBXVariantGroup;
			children = (
				558711DF2BF9D93A006DCB29 /* Base */,
			);
			name = Main.storyboard;
			sourceTree = "<group>";
		};
		558711E32BF9D93C006DCB29 /* LaunchScreen.storyboard */ = {
			isa = PBXVariantGroup;
			children = (
				558711E42BF9D93C006DCB29 /* Base */,
			);
			name = LaunchScreen.storyboard;
			sourceTree = "<group>";
		};
/* End PBXVariantGroup section */

/* Begin XCBuildConfiguration section */
		558711E72BF9D93C006DCB29 /* Debug */ = {
			isa = XCBuildConfiguration;
			buildSettings = {
				ALWAYS_SEARCH_USER_PATHS = NO;
				ASSETCATALOG_COMPILER_GENERATE_SWIFT_ASSET_SYMBOL_EXTENSIONS = YES;
				CLANG_ANALYZER_NONNULL = YES;
				CLANG_ANALYZER_NUMBER_OBJECT_CONVERSION = YES_AGGRESSIVE;
				CLANG_CXX_LANGUAGE_STANDARD = "gnu++20";
				CLANG_ENABLE_MODULES = YES;
				CLANG_ENABLE_OBJC_ARC = YES;
				CLANG_ENABLE_OBJC_WEAK = YES;
				CLANG_WARN_BLOCK_CAPTURE_AUTORELEASING = YES;
				CLANG_WARN_BOOL_CONVERSION = YES;
				CLANG_WARN_COMMA = YES;
				CLANG_WARN_CONSTANT_CONVERSION = YES;
				CLANG_WARN_DEPRECATED_OBJC_IMPLEMENTATIONS = YES;
				CLANG_WARN_DIRECT_OBJC_ISA_USAGE = YES_ERROR;
				CLANG_WARN_DOCUMENTATION_COMMENTS = YES;
				CLANG_WARN_EMPTY_BODY = YES;
				CLANG_WARN_ENUM_CONVERSION = YES;
				CLANG_WARN_INFINITE_RECURSION = YES;
				CLANG_WARN_INT_CONVERSION = YES;
				CLANG_WARN_NON_LITERAL_NULL_CONVERSION = YES;
				CLANG_WARN_OBJC_IMPLICIT_RETAIN_SELF = YES;
				CLANG_WARN_OBJC_LITERAL_CONVERSION = YES;
				CLANG_WARN_OBJC_ROOT_CLASS = YES_ERROR;
				CLANG_WARN_QUOTED_INCLUDE_IN_FRAMEWORK_HEADER = YES;
				CLANG_WARN_RANGE_LOOP_ANALYSIS = YES;
				CLANG_WARN_STRICT_PROTOTYPES = YES;
				CLANG_WARN_SUSPICIOUS_MOVE = YES;
				CLANG_WARN_UNGUARDED_AVAILABILITY = YES_AGGRESSIVE;
				CLANG_WARN_UNREACHABLE_CODE = YES;
				CLANG_WARN__DUPLICATE_METHOD_MATCH = YES;
				COPY_PHASE_STRIP = NO;
				DEBUG_INFORMATION_FORMAT = dwarf;
				ENABLE_STRICT_OBJC_MSGSEND = YES;
				ENABLE_TESTABILITY = YES;
				ENABLE_USER_SCRIPT_SANDBOXING = YES;
				GCC_C_LANGUAGE_STANDARD = gnu17;
				GCC_DYNAMIC_NO_PIC = NO;
				GCC_NO_COMMON_BLOCKS = YES;
				GCC_OPTIMIZATION_LEVEL = 0;
				GCC_PREPROCESSOR_DEFINITIONS = (
					"DEBUG=1",
					"$(inherited)",
				);
				GCC_WARN_64_TO_32_BIT_CONVERSION = YES;
				GCC_WARN_ABOUT_RETURN_TYPE = YES_ERROR;
				GCC_WARN_UNDECLARED_SELECTOR = YES;
				GCC_WARN_UNINITIALIZED_AUTOS = YES_AGGRESSIVE;
				GCC_WARN_UNUSED_FUNCTION = YES;
				GCC_WARN_UNUSED_VARIABLE = YES;
				IPHONEOS_DEPLOYMENT_TARGET = 17.4;
				LOCALIZATION_PREFERS_STRING_CATALOGS = YES;
				MTL_ENABLE_DEBUG_INFO = INCLUDE_SOURCE;
				MTL_FAST_MATH = YES;
				ONLY_ACTIVE_ARCH = YES;
				SDKROOT = iphoneos;
				SWIFT_ACTIVE_COMPILATION_CONDITIONS = "DEBUG $(inherited)";
				SWIFT_OPTIMIZATION_LEVEL = "-Onone";
			};
			name = Debug;
		};
		558711E82BF9D93C006DCB29 /* Release */ = {
			isa = XCBuildConfiguration;
			buildSettings = {
				ALWAYS_SEARCH_USER_PATHS = NO;
				ASSETCATALOG_COMPILER_GENERATE_SWIFT_ASSET_SYMBOL_EXTENSIONS = YES;
				CLANG_ANALYZER_NONNULL = YES;
				CLANG_ANALYZER_NUMBER_OBJECT_CONVERSION = YES_AGGRESSIVE;
				CLANG_CXX_LANGUAGE_STANDARD = "gnu++20";
				CLANG_ENABLE_MODULES = YES;
				CLANG_ENABLE_OBJC_ARC = YES;
				CLANG_ENABLE_OBJC_WEAK = YES;
				CLANG_WARN_BLOCK_CAPTURE_AUTORELEASING = YES;
				CLANG_WARN_BOOL_CONVERSION = YES;
				CLANG_WARN_COMMA = YES;
				CLANG_WARN_CONSTANT_CONVERSION = YES;
				CLANG_WARN_DEPRECATED_OBJC_IMPLEMENTATIONS = YES;
				CLANG_WARN_DIRECT_OBJC_ISA_USAGE = YES_ERROR;
				CLANG_WARN_DOCUMENTATION_COMMENTS = YES;
				CLANG_WARN_EMPTY_BODY = YES;
				CLANG_WARN_ENUM_CONVERSION = YES;
				CLANG_WARN_INFINITE_RECURSION = YES;
				CLANG_WARN_INT_CONVERSION = YES;
				CLANG_WARN_NON_LITERAL_NULL_CONVERSION = YES;
				CLANG_WARN_OBJC_IMPLICIT_RETAIN_SELF = YES;
				CLANG_WARN_OBJC_LITERAL_CONVERSION = YES;
				CLANG_WARN_OBJC_ROOT_CLASS = YES_ERROR;
				CLANG_WARN_QUOTED_INCLUDE_IN_FRAMEWORK_HEADER = YES;
				CLANG_WARN_RANGE_LOOP_ANALYSIS = YES;
				CLANG_WARN_STRICT_PROTOTYPES = YES;
				CLANG_WARN_SUSPICIOUS_MOVE = YES;
				CLANG_WARN_UNGUARDED_AVAILABILITY = YES_AGGRESSIVE;
				CLANG_WARN_UNREACHABLE_CODE = YES;
				CLANG_WARN__DUPLICATE_METHOD_MATCH = YES;
				COPY_PHASE_STRIP = NO;
				DEBUG_INFORMATION_FORMAT = "dwarf-with-dsym";
				ENABLE_NS_ASSERTIONS = NO;
				ENABLE_STRICT_OBJC_MSGSEND = YES;
				ENABLE_USER_SCRIPT_SANDBOXING = YES;
				GCC_C_LANGUAGE_STANDARD = gnu17;
				GCC_NO_COMMON_BLOCKS = YES;
				GCC_WARN_64_TO_32_BIT_CONVERSION = YES;
				GCC_WARN_ABOUT_RETURN_TYPE = YES_ERROR;
				GCC_WARN_UNDECLARED_SELECTOR = YES;
				GCC_WARN_UNINITIALIZED_AUTOS = YES_AGGRESSIVE;
				GCC_WARN_UNUSED_FUNCTION = YES;
				GCC_WARN_UNUSED_VARIABLE = YES;
				IPHONEOS_DEPLOYMENT_TARGET = 17.4;
				LOCALIZATION_PREFERS_STRING_CATALOGS = YES;
				MTL_ENABLE_DEBUG_INFO = NO;
				MTL_FAST_MATH = YES;
				SDKROOT = iphoneos;
				SWIFT_COMPILATION_MODE = wholemodule;
				VALIDATE_PRODUCT = YES;
			};
			name = Release;
		};
		558711EA2BF9D93C006DCB29 /* Debug */ = {
			isa = XCBuildConfiguration;
			buildSettings = {
				ASSETCATALOG_COMPILER_APPICON_NAME = AppIcon;
				ASSETCATALOG_COMPILER_GLOBAL_ACCENT_COLOR_NAME = AccentColor;
				CODE_SIGN_STYLE = Automatic;
				CURRENT_PROJECT_VERSION = 1;
				GENERATE_INFOPLIST_FILE = YES;
				INFOPLIST_FILE = Tripom/Info.plist;
				INFOPLIST_KEY_UIApplicationSupportsIndirectInputEvents = YES;
				INFOPLIST_KEY_UILaunchStoryboardName = LaunchScreen;
				INFOPLIST_KEY_UIMainStoryboardFile = Main;
				INFOPLIST_KEY_UISupportedInterfaceOrientations_iPad = "UIInterfaceOrientationPortrait UIInterfaceOrientationPortraitUpsideDown UIInterfaceOrientationLandscapeLeft UIInterfaceOrientationLandscapeRight";
				INFOPLIST_KEY_UISupportedInterfaceOrientations_iPhone = "UIInterfaceOrientationPortrait UIInterfaceOrientationLandscapeLeft UIInterfaceOrientationLandscapeRight";
				LD_RUNPATH_SEARCH_PATHS = (
					"$(inherited)",
					"@executable_path/Frameworks",
				);
				MARKETING_VERSION = 1.0;
				PRODUCT_BUNDLE_IDENTIFIER = app.Nishiyama.Honopi.Tripom;
				PRODUCT_NAME = "$(TARGET_NAME)";
				SWIFT_EMIT_LOC_STRINGS = YES;
				SWIFT_VERSION = 5.0;
				TARGETED_DEVICE_FAMILY = "1,2";
			};
			name = Debug;
		};
		558711EB2BF9D93C006DCB29 /* Release */ = {
			isa = XCBuildConfiguration;
			buildSettings = {
				ASSETCATALOG_COMPILER_APPICON_NAME = AppIcon;
				ASSETCATALOG_COMPILER_GLOBAL_ACCENT_COLOR_NAME = AccentColor;
				CODE_SIGN_STYLE = Automatic;
				CURRENT_PROJECT_VERSION = 1;
				GENERATE_INFOPLIST_FILE = YES;
				INFOPLIST_FILE = Tripom/Info.plist;
				INFOPLIST_KEY_UIApplicationSupportsIndirectInputEvents = YES;
				INFOPLIST_KEY_UILaunchStoryboardName = LaunchScreen;
				INFOPLIST_KEY_UIMainStoryboardFile = Main;
				INFOPLIST_KEY_UISupportedInterfaceOrientations_iPad = "UIInterfaceOrientationPortrait UIInterfaceOrientationPortraitUpsideDown UIInterfaceOrientationLandscapeLeft UIInterfaceOrientationLandscapeRight";
				INFOPLIST_KEY_UISupportedInterfaceOrientations_iPhone = "UIInterfaceOrientationPortrait UIInterfaceOrientationLandscapeLeft UIInterfaceOrientationLandscapeRight";
				LD_RUNPATH_SEARCH_PATHS = (
					"$(inherited)",
					"@executable_path/Frameworks",
				);
				MARKETING_VERSION = 1.0;
				PRODUCT_BUNDLE_IDENTIFIER = app.Nishiyama.Honopi.Tripom;
				PRODUCT_NAME = "$(TARGET_NAME)";
				SWIFT_EMIT_LOC_STRINGS = YES;
				SWIFT_VERSION = 5.0;
				TARGETED_DEVICE_FAMILY = "1,2";
			};
			name = Release;
		};
/* End XCBuildConfiguration section */

/* Begin XCConfigurationList section */
		558711D02BF9D93A006DCB29 /* Build configuration list for PBXProject "Tripom" */ = {
			isa = XCConfigurationList;
			buildConfigurations = (
				558711E72BF9D93C006DCB29 /* Debug */,
				558711E82BF9D93C006DCB29 /* Release */,
			);
			defaultConfigurationIsVisible = 0;
			defaultConfigurationName = Release;
		};
		558711E92BF9D93C006DCB29 /* Build configuration list for PBXNativeTarget "Tripom" */ = {
			isa = XCConfigurationList;
			buildConfigurations = (
				558711EA2BF9D93C006DCB29 /* Debug */,
				558711EB2BF9D93C006DCB29 /* Release */,
			);
			defaultConfigurationIsVisible = 0;
			defaultConfigurationName = Release;
		};
/* End XCConfigurationList section */
	};
	rootObject = 558711CD2BF9D93A006DCB29 /* Project object */;
}
