// !$*UTF8*$!
{
	archiveVersion = 1;
	classes = {
	};
	objectVersion = 56;
	objects = {

/* Begin PBXBuildFile section */
		552127922C0DAD480019021E /* customProfileViewController.swift in Sources */ = {isa = PBXBuildFile; fileRef = 552127912C0DAD480019021E /* customProfileViewController.swift */; };
		552127952C0DF8F40019021E /* Lottie in Frameworks */ = {isa = PBXBuildFile; productRef = 552127942C0DF8F40019021E /* Lottie */; };
		552127A12C0E06320019021E /* Animation - 1717423675691.json in Resources */ = {isa = PBXBuildFile; fileRef = 552127A02C0E06320019021E /* Animation - 1717423675691.json */; };
		552127A32C0E08810019021E /* Animation - 1717423936004.json in Resources */ = {isa = PBXBuildFile; fileRef = 552127A22C0E08810019021E /* Animation - 1717423936004.json */; };
		552127A52C0E0A2D0019021E /* Animation - 1717424783266.json in Resources */ = {isa = PBXBuildFile; fileRef = 552127A42C0E0A2D0019021E /* Animation - 1717424783266.json */; };
		552127A72C0E173A0019021E /* User.swift in Sources */ = {isa = PBXBuildFile; fileRef = 552127A62C0E173A0019021E /* User.swift */; };
		5584351B2C04E5BF0092474A /* ProfileViewController.swift in Sources */ = {isa = PBXBuildFile; fileRef = 5584351A2C04E5BF0092474A /* ProfileViewController.swift */; };
		558435202C0537D30092474A /* RealmSwift in Frameworks */ = {isa = PBXBuildFile; productRef = 5584351F2C0537D30092474A /* RealmSwift */; };
		558435222C0538810092474A /* DestinationRequirements.swift in Sources */ = {isa = PBXBuildFile; fileRef = 558435212C0538810092474A /* DestinationRequirements.swift */; };
		558435252C05615C0092474A /* RealmSwift in Embed Frameworks */ = {isa = PBXBuildFile; productRef = 5584351F2C0537D30092474A /* RealmSwift */; settings = {ATTRIBUTES = (CodeSignOnCopy, ); }; };
		558435272C0568190092474A /* TransportationRequirements.swift in Sources */ = {isa = PBXBuildFile; fileRef = 558435262C0568190092474A /* TransportationRequirements.swift */; };
		558435292C0586090092474A /* CostRequirements.swift in Sources */ = {isa = PBXBuildFile; fileRef = 558435282C0586090092474A /* CostRequirements.swift */; };
		5584352B2C0586400092474A /* CurfewRequirements.swift in Sources */ = {isa = PBXBuildFile; fileRef = 5584352A2C0586400092474A /* CurfewRequirements.swift */; };
		5584352D2C0593990092474A /* TripLog.swift in Sources */ = {isa = PBXBuildFile; fileRef = 5584352C2C0593990092474A /* TripLog.swift */; };
		5584352F2C0594070092474A /* RecordTripLogViewController.swift in Sources */ = {isa = PBXBuildFile; fileRef = 5584352E2C0594070092474A /* RecordTripLogViewController.swift */; };
		558435312C05950F0092474A /* NowTripRequirements.swift in Sources */ = {isa = PBXBuildFile; fileRef = 558435302C05950F0092474A /* NowTripRequirements.swift */; };
		558435332C05AB360092474A /* TripLogsViewController.swift in Sources */ = {isa = PBXBuildFile; fileRef = 558435322C05AB360092474A /* TripLogsViewController.swift */; };
		558435362C05B0E80092474A /* TripLogsCollectionViewCell.swift in Sources */ = {isa = PBXBuildFile; fileRef = 558435342C05B0E80092474A /* TripLogsCollectionViewCell.swift */; };
		558435372C05B0E80092474A /* TripLogsCollectionViewCell.xib in Resources */ = {isa = PBXBuildFile; fileRef = 558435352C05B0E80092474A /* TripLogsCollectionViewCell.xib */; };
		558711D92BF9D93A006DCB29 /* AppDelegate.swift in Sources */ = {isa = PBXBuildFile; fileRef = 558711D82BF9D93A006DCB29 /* AppDelegate.swift */; };
		558711DB2BF9D93A006DCB29 /* SceneDelegate.swift in Sources */ = {isa = PBXBuildFile; fileRef = 558711DA2BF9D93A006DCB29 /* SceneDelegate.swift */; };
		558711DD2BF9D93A006DCB29 /* ViewController.swift in Sources */ = {isa = PBXBuildFile; fileRef = 558711DC2BF9D93A006DCB29 /* ViewController.swift */; };
		558711E02BF9D93A006DCB29 /* Base in Resources */ = {isa = PBXBuildFile; fileRef = 558711DF2BF9D93A006DCB29 /* Base */; };
		558711E22BF9D93C006DCB29 /* Assets.xcassets in Resources */ = {isa = PBXBuildFile; fileRef = 558711E12BF9D93C006DCB29 /* Assets.xcassets */; };
		558711E52BF9D93C006DCB29 /* Base in Resources */ = {isa = PBXBuildFile; fileRef = 558711E42BF9D93C006DCB29 /* Base */; };
		559610C62C15F7BE00E62550 /* SettingViewController.swift in Sources */ = {isa = PBXBuildFile; fileRef = 559610C52C15F7BE00E62550 /* SettingViewController.swift */; };
		5598524A2BF9DFD8001A9D7F /* StartTripViewController.swift in Sources */ = {isa = PBXBuildFile; fileRef = 559852492BF9DFD8001A9D7F /* StartTripViewController.swift */; };
		5598524C2BF9E3AD001A9D7F /* TabBarController.swift in Sources */ = {isa = PBXBuildFile; fileRef = 5598524B2BF9E3AD001A9D7F /* TabBarController.swift */; };
		559852502BF9F6CB001A9D7F /* TripRequirementsViewController.swift in Sources */ = {isa = PBXBuildFile; fileRef = 5598524F2BF9F6CB001A9D7F /* TripRequirementsViewController.swift */; };
		55D256A62BFD7C5200F4D1EA /* OnATripViewController.swift in Sources */ = {isa = PBXBuildFile; fileRef = 55D256A52BFD7C5200F4D1EA /* OnATripViewController.swift */; };
		55D256AA2BFD81E100F4D1EA /* FinishTripViewController.swift in Sources */ = {isa = PBXBuildFile; fileRef = 55D256A92BFD81E100F4D1EA /* FinishTripViewController.swift */; };
		55EA8AC52C10C56A0023AFB0 /* TripLogPhotosCollectionViewCell.swift in Sources */ = {isa = PBXBuildFile; fileRef = 55EA8AC32C10C56A0023AFB0 /* TripLogPhotosCollectionViewCell.swift */; };
		55EA8AC62C10C56A0023AFB0 /* TripLogPhotosCollectionViewCell.xib in Resources */ = {isa = PBXBuildFile; fileRef = 55EA8AC42C10C56A0023AFB0 /* TripLogPhotosCollectionViewCell.xib */; };
		55F5036F2C06C19200A8CE9A /* TripLogsPhotosCollectionViewCell.swift in Sources */ = {isa = PBXBuildFile; fileRef = 55F5036D2C06C19200A8CE9A /* TripLogsPhotosCollectionViewCell.swift */; };
		55F503702C06C19200A8CE9A /* TripLogsPhotosCollectionViewCell.xib in Resources */ = {isa = PBXBuildFile; fileRef = 55F5036E2C06C19200A8CE9A /* TripLogsPhotosCollectionViewCell.xib */; };
		55F503722C084AC100A8CE9A /* TripPhotos.swift in Sources */ = {isa = PBXBuildFile; fileRef = 55F503712C084AC100A8CE9A /* TripPhotos.swift */; };
		55F503752C09242100A8CE9A /* AddPhotoCollectionViewCell.xib in Resources */ = {isa = PBXBuildFile; fileRef = 55F503742C09242100A8CE9A /* AddPhotoCollectionViewCell.xib */; };
		55F503762C09242100A8CE9A /* AddPhotoCollectionViewCell.swift in Sources */ = {isa = PBXBuildFile; fileRef = 55F503732C09242100A8CE9A /* AddPhotoCollectionViewCell.swift */; };
		55FDCDF32C0D486300A9F4AE /* TripLogViewController.swift in Sources */ = {isa = PBXBuildFile; fileRef = 55FDCDF22C0D486300A9F4AE /* TripLogViewController.swift */; };
/* End PBXBuildFile section */

/* Begin PBXCopyFilesBuildPhase section */
		558435242C05610F0092474A /* Embed Frameworks */ = {
			isa = PBXCopyFilesBuildPhase;
			buildActionMask = 2147483647;
			dstPath = "";
			dstSubfolderSpec = 10;
			files = (
				558435252C05615C0092474A /* RealmSwift in Embed Frameworks */,
			);
			name = "Embed Frameworks";
			runOnlyForDeploymentPostprocessing = 0;
		};
/* End PBXCopyFilesBuildPhase section */

/* Begin PBXFileReference section */
		552127912C0DAD480019021E /* customProfileViewController.swift */ = {isa = PBXFileReference; lastKnownFileType = sourcecode.swift; path = customProfileViewController.swift; sourceTree = "<group>"; };
		552127A02C0E06320019021E /* Animation - 1717423675691.json */ = {isa = PBXFileReference; fileEncoding = 4; lastKnownFileType = text.json; path = "Animation - 1717423675691.json"; sourceTree = "<group>"; };
		552127A22C0E08810019021E /* Animation - 1717423936004.json */ = {isa = PBXFileReference; fileEncoding = 4; lastKnownFileType = text.json; path = "Animation - 1717423936004.json"; sourceTree = "<group>"; };
		552127A42C0E0A2D0019021E /* Animation - 1717424783266.json */ = {isa = PBXFileReference; fileEncoding = 4; lastKnownFileType = text.json; path = "Animation - 1717424783266.json"; sourceTree = "<group>"; };
		552127A62C0E173A0019021E /* User.swift */ = {isa = PBXFileReference; lastKnownFileType = sourcecode.swift; path = User.swift; sourceTree = "<group>"; };
		5584351A2C04E5BF0092474A /* ProfileViewController.swift */ = {isa = PBXFileReference; lastKnownFileType = sourcecode.swift; path = ProfileViewController.swift; sourceTree = "<group>"; };
		558435212C0538810092474A /* DestinationRequirements.swift */ = {isa = PBXFileReference; lastKnownFileType = sourcecode.swift; path = DestinationRequirements.swift; sourceTree = "<group>"; };
		558435262C0568190092474A /* TransportationRequirements.swift */ = {isa = PBXFileReference; lastKnownFileType = sourcecode.swift; path = TransportationRequirements.swift; sourceTree = "<group>"; };
		558435282C0586090092474A /* CostRequirements.swift */ = {isa = PBXFileReference; lastKnownFileType = sourcecode.swift; path = CostRequirements.swift; sourceTree = "<group>"; };
		5584352A2C0586400092474A /* CurfewRequirements.swift */ = {isa = PBXFileReference; lastKnownFileType = sourcecode.swift; path = CurfewRequirements.swift; sourceTree = "<group>"; };
		5584352C2C0593990092474A /* TripLog.swift */ = {isa = PBXFileReference; lastKnownFileType = sourcecode.swift; path = TripLog.swift; sourceTree = "<group>"; };
		5584352E2C0594070092474A /* RecordTripLogViewController.swift */ = {isa = PBXFileReference; lastKnownFileType = sourcecode.swift; path = RecordTripLogViewController.swift; sourceTree = "<group>"; };
		558435302C05950F0092474A /* NowTripRequirements.swift */ = {isa = PBXFileReference; lastKnownFileType = sourcecode.swift; path = NowTripRequirements.swift; sourceTree = "<group>"; };
		558435322C05AB360092474A /* TripLogsViewController.swift */ = {isa = PBXFileReference; lastKnownFileType = sourcecode.swift; path = TripLogsViewController.swift; sourceTree = "<group>"; };
		558435342C05B0E80092474A /* TripLogsCollectionViewCell.swift */ = {isa = PBXFileReference; lastKnownFileType = sourcecode.swift; path = TripLogsCollectionViewCell.swift; sourceTree = "<group>"; };
		558435352C05B0E80092474A /* TripLogsCollectionViewCell.xib */ = {isa = PBXFileReference; lastKnownFileType = file.xib; path = TripLogsCollectionViewCell.xib; sourceTree = "<group>"; };
		558711D52BF9D93A006DCB29 /* Tripom.app */ = {isa = PBXFileReference; explicitFileType = wrapper.application; includeInIndex = 0; path = Tripom.app; sourceTree = BUILT_PRODUCTS_DIR; };
		558711D82BF9D93A006DCB29 /* AppDelegate.swift */ = {isa = PBXFileReference; lastKnownFileType = sourcecode.swift; path = AppDelegate.swift; sourceTree = "<group>"; };
		558711DA2BF9D93A006DCB29 /* SceneDelegate.swift */ = {isa = PBXFileReference; lastKnownFileType = sourcecode.swift; path = SceneDelegate.swift; sourceTree = "<group>"; };
		558711DC2BF9D93A006DCB29 /* ViewController.swift */ = {isa = PBXFileReference; lastKnownFileType = sourcecode.swift; path = ViewController.swift; sourceTree = "<group>"; };
		558711DF2BF9D93A006DCB29 /* Base */ = {isa = PBXFileReference; lastKnownFileType = file.storyboard; name = Base; path = Base.lproj/Main.storyboard; sourceTree = "<group>"; };
		558711E12BF9D93C006DCB29 /* Assets.xcassets */ = {isa = PBXFileReference; lastKnownFileType = folder.assetcatalog; path = Assets.xcassets; sourceTree = "<group>"; };
		558711E42BF9D93C006DCB29 /* Base */ = {isa = PBXFileReference; lastKnownFileType = file.storyboard; name = Base; path = Base.lproj/LaunchScreen.storyboard; sourceTree = "<group>"; };
		558711E62BF9D93C006DCB29 /* Info.plist */ = {isa = PBXFileReference; lastKnownFileType = text.plist.xml; path = Info.plist; sourceTree = "<group>"; };
		559610C52C15F7BE00E62550 /* SettingViewController.swift */ = {isa = PBXFileReference; lastKnownFileType = sourcecode.swift; path = SettingViewController.swift; sourceTree = "<group>"; };
		559852492BF9DFD8001A9D7F /* StartTripViewController.swift */ = {isa = PBXFileReference; lastKnownFileType = sourcecode.swift; path = StartTripViewController.swift; sourceTree = "<group>"; };
		5598524B2BF9E3AD001A9D7F /* TabBarController.swift */ = {isa = PBXFileReference; lastKnownFileType = sourcecode.swift; path = TabBarController.swift; sourceTree = "<group>"; };
		5598524F2BF9F6CB001A9D7F /* TripRequirementsViewController.swift */ = {isa = PBXFileReference; lastKnownFileType = sourcecode.swift; path = TripRequirementsViewController.swift; sourceTree = "<group>"; };
		55D256A52BFD7C5200F4D1EA /* OnATripViewController.swift */ = {isa = PBXFileReference; lastKnownFileType = sourcecode.swift; path = OnATripViewController.swift; sourceTree = "<group>"; };
		55D256A92BFD81E100F4D1EA /* FinishTripViewController.swift */ = {isa = PBXFileReference; lastKnownFileType = sourcecode.swift; path = FinishTripViewController.swift; sourceTree = "<group>"; };
		55EA8AC32C10C56A0023AFB0 /* TripLogPhotosCollectionViewCell.swift */ = {isa = PBXFileReference; lastKnownFileType = sourcecode.swift; path = TripLogPhotosCollectionViewCell.swift; sourceTree = "<group>"; };
		55EA8AC42C10C56A0023AFB0 /* TripLogPhotosCollectionViewCell.xib */ = {isa = PBXFileReference; lastKnownFileType = file.xib; path = TripLogPhotosCollectionViewCell.xib; sourceTree = "<group>"; };
		55F5036D2C06C19200A8CE9A /* TripLogsPhotosCollectionViewCell.swift */ = {isa = PBXFileReference; lastKnownFileType = sourcecode.swift; path = TripLogsPhotosCollectionViewCell.swift; sourceTree = "<group>"; };
		55F5036E2C06C19200A8CE9A /* TripLogsPhotosCollectionViewCell.xib */ = {isa = PBXFileReference; lastKnownFileType = file.xib; path = TripLogsPhotosCollectionViewCell.xib; sourceTree = "<group>"; };
		55F503712C084AC100A8CE9A /* TripPhotos.swift */ = {isa = PBXFileReference; lastKnownFileType = sourcecode.swift; path = TripPhotos.swift; sourceTree = "<group>"; };
		55F503732C09242100A8CE9A /* AddPhotoCollectionViewCell.swift */ = {isa = PBXFileReference; lastKnownFileType = sourcecode.swift; path = AddPhotoCollectionViewCell.swift; sourceTree = "<group>"; };
		55F503742C09242100A8CE9A /* AddPhotoCollectionViewCell.xib */ = {isa = PBXFileReference; lastKnownFileType = file.xib; path = AddPhotoCollectionViewCell.xib; sourceTree = "<group>"; };
		55FDCDF22C0D486300A9F4AE /* TripLogViewController.swift */ = {isa = PBXFileReference; lastKnownFileType = sourcecode.swift; path = TripLogViewController.swift; sourceTree = "<group>"; };
/* End PBXFileReference section */

/* Begin PBXFrameworksBuildPhase section */
		558711D22BF9D93A006DCB29 /* Frameworks */ = {
			isa = PBXFrameworksBuildPhase;
			buildActionMask = 2147483647;
			files = (
				558435202C0537D30092474A /* RealmSwift in Frameworks */,
				552127952C0DF8F40019021E /* Lottie in Frameworks */,
			);
			runOnlyForDeploymentPostprocessing = 0;
		};
/* End PBXFrameworksBuildPhase section */

/* Begin PBXGroup section */
		558711CC2BF9D93A006DCB29 = {
			isa = PBXGroup;
			children = (
				558711D72BF9D93A006DCB29 /* Tripom */,
				558711D62BF9D93A006DCB29 /* Products */,
			);
			sourceTree = "<group>";
		};
		558711D62BF9D93A006DCB29 /* Products */ = {
			isa = PBXGroup;
			children = (
				558711D52BF9D93A006DCB29 /* Tripom.app */,
			);
			name = Products;
			sourceTree = "<group>";
		};
		558711D72BF9D93A006DCB29 /* Tripom */ = {
			isa = PBXGroup;
			children = (
				552127A42C0E0A2D0019021E /* Animation - 1717424783266.json */,
				552127A22C0E08810019021E /* Animation - 1717423936004.json */,
				552127A02C0E06320019021E /* Animation - 1717423675691.json */,
				558711D82BF9D93A006DCB29 /* AppDelegate.swift */,
				558711DA2BF9D93A006DCB29 /* SceneDelegate.swift */,
				558711DC2BF9D93A006DCB29 /* ViewController.swift */,
				558711DE2BF9D93A006DCB29 /* Main.storyboard */,
				558711E12BF9D93C006DCB29 /* Assets.xcassets */,
				558711E32BF9D93C006DCB29 /* LaunchScreen.storyboard */,
				558711E62BF9D93C006DCB29 /* Info.plist */,
				552127A62C0E173A0019021E /* User.swift */,
				5584351A2C04E5BF0092474A /* ProfileViewController.swift */,
				559610C52C15F7BE00E62550 /* SettingViewController.swift */,
				552127912C0DAD480019021E /* customProfileViewController.swift */,
				5598524B2BF9E3AD001A9D7F /* TabBarController.swift */,
				559852492BF9DFD8001A9D7F /* StartTripViewController.swift */,
				5598524F2BF9F6CB001A9D7F /* TripRequirementsViewController.swift */,
				55D256A52BFD7C5200F4D1EA /* OnATripViewController.swift */,
				55D256A92BFD81E100F4D1EA /* FinishTripViewController.swift */,
				558435212C0538810092474A /* DestinationRequirements.swift */,
				558435262C0568190092474A /* TransportationRequirements.swift */,
				558435282C0586090092474A /* CostRequirements.swift */,
				5584352A2C0586400092474A /* CurfewRequirements.swift */,
				558435302C05950F0092474A /* NowTripRequirements.swift */,
				5584352C2C0593990092474A /* TripLog.swift */,
				558435322C05AB360092474A /* TripLogsViewController.swift */,
				558435342C05B0E80092474A /* TripLogsCollectionViewCell.swift */,
				558435352C05B0E80092474A /* TripLogsCollectionViewCell.xib */,
				55FDCDF22C0D486300A9F4AE /* TripLogViewController.swift */,
				55EA8AC32C10C56A0023AFB0 /* TripLogPhotosCollectionViewCell.swift */,
				55EA8AC42C10C56A0023AFB0 /* TripLogPhotosCollectionViewCell.xib */,
				5584352E2C0594070092474A /* RecordTripLogViewController.swift */,
				55F5036D2C06C19200A8CE9A /* TripLogsPhotosCollectionViewCell.swift */,
				55F5036E2C06C19200A8CE9A /* TripLogsPhotosCollectionViewCell.xib */,
				55F503712C084AC100A8CE9A /* TripPhotos.swift */,
				55F503732C09242100A8CE9A /* AddPhotoCollectionViewCell.swift */,
				55F503742C09242100A8CE9A /* AddPhotoCollectionViewCell.xib */,
			);
			path = Tripom;
			sourceTree = "<group>";
		};
/* End PBXGroup section */

/* Begin PBXNativeTarget section */
		558711D42BF9D93A006DCB29 /* Tripom */ = {
			isa = PBXNativeTarget;
			buildConfigurationList = 558711E92BF9D93C006DCB29 /* Build configuration list for PBXNativeTarget "Tripom" */;
			buildPhases = (
				558711D12BF9D93A006DCB29 /* Sources */,
				558711D22BF9D93A006DCB29 /* Frameworks */,
				558711D32BF9D93A006DCB29 /* Resources */,
				558435242C05610F0092474A /* Embed Frameworks */,
			);
			buildRules = (
			);
			dependencies = (
			);
			name = Tripom;
			packageProductDependencies = (
				5584351F2C0537D30092474A /* RealmSwift */,
				552127942C0DF8F40019021E /* Lottie */,
			);
			productName = Tripom;
			productReference = 558711D52BF9D93A006DCB29 /* Tripom.app */;
			productType = "com.apple.product-type.application";
		};
/* End PBXNativeTarget section */

/* Begin PBXProject section */
		558711CD2BF9D93A006DCB29 /* Project object */ = {
			isa = PBXProject;
			attributes = {
				BuildIndependentTargetsInParallel = 1;
				LastSwiftUpdateCheck = 1530;
				LastUpgradeCheck = 1530;
				TargetAttributes = {
					558711D42BF9D93A006DCB29 = {
						CreatedOnToolsVersion = 15.3;
					};
				};
			};
			buildConfigurationList = 558711D02BF9D93A006DCB29 /* Build configuration list for PBXProject "Tripom" */;
			compatibilityVersion = "Xcode 14.0";
			developmentRegion = en;
			hasScannedForEncodings = 0;
			knownRegions = (
				en,
				Base,
			);
			mainGroup = 558711CC2BF9D93A006DCB29;
			packageReferences = (
				5584351C2C0537D30092474A /* XCRemoteSwiftPackageReference "realm-swift" */,
				552127932C0DF8F40019021E /* XCRemoteSwiftPackageReference "lottie-ios" */,
			);
			productRefGroup = 558711D62BF9D93A006DCB29 /* Products */;
			projectDirPath = "";
			projectRoot = "";
			targets = (
				558711D42BF9D93A006DCB29 /* Tripom */,
			);
		};
/* End PBXProject section */

/* Begin PBXResourcesBuildPhase section */
		558711D32BF9D93A006DCB29 /* Resources */ = {
			isa = PBXResourcesBuildPhase;
			buildActionMask = 2147483647;
			files = (
				558711E22BF9D93C006DCB29 /* Assets.xcassets in Resources */,
				558711E52BF9D93C006DCB29 /* Base in Resources */,
				552127A32C0E08810019021E /* Animation - 1717423936004.json in Resources */,
				558435372C05B0E80092474A /* TripLogsCollectionViewCell.xib in Resources */,
				55F503752C09242100A8CE9A /* AddPhotoCollectionViewCell.xib in Resources */,
				552127A52C0E0A2D0019021E /* Animation - 1717424783266.json in Resources */,
				55F503702C06C19200A8CE9A /* TripLogsPhotosCollectionViewCell.xib in Resources */,
				552127A12C0E06320019021E /* Animation - 1717423675691.json in Resources */,
				558711E02BF9D93A006DCB29 /* Base in Resources */,
				55EA8AC62C10C56A0023AFB0 /* TripLogPhotosCollectionViewCell.xib in Resources */,
			);
			runOnlyForDeploymentPostprocessing = 0;
		};
/* End PBXResourcesBuildPhase section */

/* Begin PBXSourcesBuildPhase section */
		558711D12BF9D93A006DCB29 /* Sources */ = {
			isa = PBXSourcesBuildPhase;
			buildActionMask = 2147483647;
			files = (
				558435272C0568190092474A /* TransportationRequirements.swift in Sources */,
				55D256AA2BFD81E100F4D1EA /* FinishTripViewController.swift in Sources */,
				55F503762C09242100A8CE9A /* AddPhotoCollectionViewCell.swift in Sources */,
				559610C62C15F7BE00E62550 /* SettingViewController.swift in Sources */,
				55EA8AC52C10C56A0023AFB0 /* TripLogPhotosCollectionViewCell.swift in Sources */,
				558435292C0586090092474A /* CostRequirements.swift in Sources */,
				559852502BF9F6CB001A9D7F /* TripRequirementsViewController.swift in Sources */,
				552127922C0DAD480019021E /* customProfileViewController.swift in Sources */,
				558435362C05B0E80092474A /* TripLogsCollectionViewCell.swift in Sources */,
				558435222C0538810092474A /* DestinationRequirements.swift in Sources */,
				55D256A62BFD7C5200F4D1EA /* OnATripViewController.swift in Sources */,
				55FDCDF32C0D486300A9F4AE /* TripLogViewController.swift in Sources */,
				55F5036F2C06C19200A8CE9A /* TripLogsPhotosCollectionViewCell.swift in Sources */,
				5584352B2C0586400092474A /* CurfewRequirements.swift in Sources */,
				5584352F2C0594070092474A /* RecordTripLogViewController.swift in Sources */,
				5598524A2BF9DFD8001A9D7F /* StartTripViewController.swift in Sources */,
				558711DD2BF9D93A006DCB29 /* ViewController.swift in Sources */,
				5584352D2C0593990092474A /* TripLog.swift in Sources */,
				558435312C05950F0092474A /* NowTripRequirements.swift in Sources */,
				558711D92BF9D93A006DCB29 /* AppDelegate.swift in Sources */,
				5584351B2C04E5BF0092474A /* ProfileViewController.swift in Sources */,
				5598524C2BF9E3AD001A9D7F /* TabBarController.swift in Sources */,
				552127A72C0E173A0019021E /* User.swift in Sources */,
				558711DB2BF9D93A006DCB29 /* SceneDelegate.swift in Sources */,
				558435332C05AB360092474A /* TripLogsViewController.swift in Sources */,
				55F503722C084AC100A8CE9A /* TripPhotos.swift in Sources */,
			);
			runOnlyForDeploymentPostprocessing = 0;
		};
/* End PBXSourcesBuildPhase section */

/* Begin PBXVariantGroup section */
		558711DE2BF9D93A006DCB29 /* Main.storyboard */ = {
			isa = PBXVariantGroup;
			children = (
				558711DF2BF9D93A006DCB29 /* Base */,
			);
			name = Main.storyboard;
			sourceTree = "<group>";
		};
		558711E32BF9D93C006DCB29 /* LaunchScreen.storyboard */ = {
			isa = PBXVariantGroup;
			children = (
				558711E42BF9D93C006DCB29 /* Base */,
			);
			name = LaunchScreen.storyboard;
			sourceTree = "<group>";
		};
/* End PBXVariantGroup section */

/* Begin XCBuildConfiguration section */
		558711E72BF9D93C006DCB29 /* Debug */ = {
			isa = XCBuildConfiguration;
			buildSettings = {
				ALWAYS_SEARCH_USER_PATHS = NO;
				ASSETCATALOG_COMPILER_GENERATE_SWIFT_ASSET_SYMBOL_EXTENSIONS = YES;
				CLANG_ANALYZER_NONNULL = YES;
				CLANG_ANALYZER_NUMBER_OBJECT_CONVERSION = YES_AGGRESSIVE;
				CLANG_CXX_LANGUAGE_STANDARD = "gnu++20";
				CLANG_ENABLE_MODULES = YES;
				CLANG_ENABLE_OBJC_ARC = YES;
				CLANG_ENABLE_OBJC_WEAK = YES;
				CLANG_WARN_BLOCK_CAPTURE_AUTORELEASING = YES;
				CLANG_WARN_BOOL_CONVERSION = YES;
				CLANG_WARN_COMMA = YES;
				CLANG_WARN_CONSTANT_CONVERSION = YES;
				CLANG_WARN_DEPRECATED_OBJC_IMPLEMENTATIONS = YES;
				CLANG_WARN_DIRECT_OBJC_ISA_USAGE = YES_ERROR;
				CLANG_WARN_DOCUMENTATION_COMMENTS = YES;
				CLANG_WARN_EMPTY_BODY = YES;
				CLANG_WARN_ENUM_CONVERSION = YES;
				CLANG_WARN_INFINITE_RECURSION = YES;
				CLANG_WARN_INT_CONVERSION = YES;
				CLANG_WARN_NON_LITERAL_NULL_CONVERSION = YES;
				CLANG_WARN_OBJC_IMPLICIT_RETAIN_SELF = YES;
				CLANG_WARN_OBJC_LITERAL_CONVERSION = YES;
				CLANG_WARN_OBJC_ROOT_CLASS = YES_ERROR;
				CLANG_WARN_QUOTED_INCLUDE_IN_FRAMEWORK_HEADER = YES;
				CLANG_WARN_RANGE_LOOP_ANALYSIS = YES;
				CLANG_WARN_STRICT_PROTOTYPES = YES;
				CLANG_WARN_SUSPICIOUS_MOVE = YES;
				CLANG_WARN_UNGUARDED_AVAILABILITY = YES_AGGRESSIVE;
				CLANG_WARN_UNREACHABLE_CODE = YES;
				CLANG_WARN__DUPLICATE_METHOD_MATCH = YES;
				COPY_PHASE_STRIP = NO;
				DEBUG_INFORMATION_FORMAT = dwarf;
				ENABLE_STRICT_OBJC_MSGSEND = YES;
				ENABLE_TESTABILITY = YES;
				ENABLE_USER_SCRIPT_SANDBOXING = YES;
				GCC_C_LANGUAGE_STANDARD = gnu17;
				GCC_DYNAMIC_NO_PIC = NO;
				GCC_NO_COMMON_BLOCKS = YES;
				GCC_OPTIMIZATION_LEVEL = 0;
				GCC_PREPROCESSOR_DEFINITIONS = (
					"DEBUG=1",
					"$(inherited)",
				);
				GCC_WARN_64_TO_32_BIT_CONVERSION = YES;
				GCC_WARN_ABOUT_RETURN_TYPE = YES_ERROR;
				GCC_WARN_UNDECLARED_SELECTOR = YES;
				GCC_WARN_UNINITIALIZED_AUTOS = YES_AGGRESSIVE;
				GCC_WARN_UNUSED_FUNCTION = YES;
				GCC_WARN_UNUSED_VARIABLE = YES;
				IPHONEOS_DEPLOYMENT_TARGET = 17.4;
				LOCALIZATION_PREFERS_STRING_CATALOGS = YES;
				MTL_ENABLE_DEBUG_INFO = INCLUDE_SOURCE;
				MTL_FAST_MATH = YES;
				ONLY_ACTIVE_ARCH = YES;
				SDKROOT = iphoneos;
				SWIFT_ACTIVE_COMPILATION_CONDITIONS = "DEBUG $(inherited)";
				SWIFT_OPTIMIZATION_LEVEL = "-Onone";
			};
			name = Debug;
		};
		558711E82BF9D93C006DCB29 /* Release */ = {
			isa = XCBuildConfiguration;
			buildSettings = {
				ALWAYS_SEARCH_USER_PATHS = NO;
				ASSETCATALOG_COMPILER_GENERATE_SWIFT_ASSET_SYMBOL_EXTENSIONS = YES;
				CLANG_ANALYZER_NONNULL = YES;
				CLANG_ANALYZER_NUMBER_OBJECT_CONVERSION = YES_AGGRESSIVE;
				CLANG_CXX_LANGUAGE_STANDARD = "gnu++20";
				CLANG_ENABLE_MODULES = YES;
				CLANG_ENABLE_OBJC_ARC = YES;
				CLANG_ENABLE_OBJC_WEAK = YES;
				CLANG_WARN_BLOCK_CAPTURE_AUTORELEASING = YES;
				CLANG_WARN_BOOL_CONVERSION = YES;
				CLANG_WARN_COMMA = YES;
				CLANG_WARN_CONSTANT_CONVERSION = YES;
				CLANG_WARN_DEPRECATED_OBJC_IMPLEMENTATIONS = YES;
				CLANG_WARN_DIRECT_OBJC_ISA_USAGE = YES_ERROR;
				CLANG_WARN_DOCUMENTATION_COMMENTS = YES;
				CLANG_WARN_EMPTY_BODY = YES;
				CLANG_WARN_ENUM_CONVERSION = YES;
				CLANG_WARN_INFINITE_RECURSION = YES;
				CLANG_WARN_INT_CONVERSION = YES;
				CLANG_WARN_NON_LITERAL_NULL_CONVERSION = YES;
				CLANG_WARN_OBJC_IMPLICIT_RETAIN_SELF = YES;
				CLANG_WARN_OBJC_LITERAL_CONVERSION = YES;
				CLANG_WARN_OBJC_ROOT_CLASS = YES_ERROR;
				CLANG_WARN_QUOTED_INCLUDE_IN_FRAMEWORK_HEADER = YES;
				CLANG_WARN_RANGE_LOOP_ANALYSIS = YES;
				CLANG_WARN_STRICT_PROTOTYPES = YES;
				CLANG_WARN_SUSPICIOUS_MOVE = YES;
				CLANG_WARN_UNGUARDED_AVAILABILITY = YES_AGGRESSIVE;
				CLANG_WARN_UNREACHABLE_CODE = YES;
				CLANG_WARN__DUPLICATE_METHOD_MATCH = YES;
				COPY_PHASE_STRIP = NO;
				DEBUG_INFORMATION_FORMAT = "dwarf-with-dsym";
				ENABLE_NS_ASSERTIONS = NO;
				ENABLE_STRICT_OBJC_MSGSEND = YES;
				ENABLE_USER_SCRIPT_SANDBOXING = YES;
				GCC_C_LANGUAGE_STANDARD = gnu17;
				GCC_NO_COMMON_BLOCKS = YES;
				GCC_WARN_64_TO_32_BIT_CONVERSION = YES;
				GCC_WARN_ABOUT_RETURN_TYPE = YES_ERROR;
				GCC_WARN_UNDECLARED_SELECTOR = YES;
				GCC_WARN_UNINITIALIZED_AUTOS = YES_AGGRESSIVE;
				GCC_WARN_UNUSED_FUNCTION = YES;
				GCC_WARN_UNUSED_VARIABLE = YES;
				IPHONEOS_DEPLOYMENT_TARGET = 17.4;
				LOCALIZATION_PREFERS_STRING_CATALOGS = YES;
				MTL_ENABLE_DEBUG_INFO = NO;
				MTL_FAST_MATH = YES;
				SDKROOT = iphoneos;
				SWIFT_COMPILATION_MODE = wholemodule;
				VALIDATE_PRODUCT = YES;
			};
			name = Release;
		};
		558711EA2BF9D93C006DCB29 /* Debug */ = {
			isa = XCBuildConfiguration;
			buildSettings = {
				ASSETCATALOG_COMPILER_APPICON_NAME = AppIcon;
				ASSETCATALOG_COMPILER_GLOBAL_ACCENT_COLOR_NAME = AccentColor;
				CODE_SIGN_STYLE = Automatic;
				CURRENT_PROJECT_VERSION = 1;
				DEVELOPMENT_TEAM = 795J9NKZJ3;
				GENERATE_INFOPLIST_FILE = YES;
				INFOPLIST_FILE = Tripom/Info.plist;
				INFOPLIST_KEY_UIApplicationSupportsIndirectInputEvents = YES;
				INFOPLIST_KEY_UILaunchStoryboardName = LaunchScreen;
				INFOPLIST_KEY_UIMainStoryboardFile = Main;
				INFOPLIST_KEY_UISupportedInterfaceOrientations_iPad = "UIInterfaceOrientationPortrait UIInterfaceOrientationPortraitUpsideDown UIInterfaceOrientationLandscapeLeft UIInterfaceOrientationLandscapeRight";
				INFOPLIST_KEY_UISupportedInterfaceOrientations_iPhone = "UIInterfaceOrientationPortrait UIInterfaceOrientationLandscapeLeft UIInterfaceOrientationLandscapeRight";
				LD_RUNPATH_SEARCH_PATHS = (
					"$(inherited)",
					"@executable_path/Frameworks",
				);
				MARKETING_VERSION = 1.0;
				PRODUCT_BUNDLE_IDENTIFIER = app.Nishiyama.Honopi.Tripom;
				PRODUCT_NAME = "$(TARGET_NAME)";
				SWIFT_EMIT_LOC_STRINGS = YES;
				SWIFT_VERSION = 5.0;
				TARGETED_DEVICE_FAMILY = "1,2";
			};
			name = Debug;
		};
		558711EB2BF9D93C006DCB29 /* Release */ = {
			isa = XCBuildConfiguration;
			buildSettings = {
				ASSETCATALOG_COMPILER_APPICON_NAME = AppIcon;
				ASSETCATALOG_COMPILER_GLOBAL_ACCENT_COLOR_NAME = AccentColor;
				CODE_SIGN_STYLE = Automatic;
				CURRENT_PROJECT_VERSION = 1;
				DEVELOPMENT_TEAM = 795J9NKZJ3;
				GENERATE_INFOPLIST_FILE = YES;
				INFOPLIST_FILE = Tripom/Info.plist;
				INFOPLIST_KEY_UIApplicationSupportsIndirectInputEvents = YES;
				INFOPLIST_KEY_UILaunchStoryboardName = LaunchScreen;
				INFOPLIST_KEY_UIMainStoryboardFile = Main;
				INFOPLIST_KEY_UISupportedInterfaceOrientations_iPad = "UIInterfaceOrientationPortrait UIInterfaceOrientationPortraitUpsideDown UIInterfaceOrientationLandscapeLeft UIInterfaceOrientationLandscapeRight";
				INFOPLIST_KEY_UISupportedInterfaceOrientations_iPhone = "UIInterfaceOrientationPortrait UIInterfaceOrientationLandscapeLeft UIInterfaceOrientationLandscapeRight";
				LD_RUNPATH_SEARCH_PATHS = (
					"$(inherited)",
					"@executable_path/Frameworks",
				);
				MARKETING_VERSION = 1.0;
				PRODUCT_BUNDLE_IDENTIFIER = app.Nishiyama.Honopi.Tripom;
				PRODUCT_NAME = "$(TARGET_NAME)";
				SWIFT_EMIT_LOC_STRINGS = YES;
				SWIFT_VERSION = 5.0;
				TARGETED_DEVICE_FAMILY = "1,2";
			};
			name = Release;
		};
/* End XCBuildConfiguration section */

/* Begin XCConfigurationList section */
		558711D02BF9D93A006DCB29 /* Build configuration list for PBXProject "Tripom" */ = {
			isa = XCConfigurationList;
			buildConfigurations = (
				558711E72BF9D93C006DCB29 /* Debug */,
				558711E82BF9D93C006DCB29 /* Release */,
			);
			defaultConfigurationIsVisible = 0;
			defaultConfigurationName = Release;
		};
		558711E92BF9D93C006DCB29 /* Build configuration list for PBXNativeTarget "Tripom" */ = {
			isa = XCConfigurationList;
			buildConfigurations = (
				558711EA2BF9D93C006DCB29 /* Debug */,
				558711EB2BF9D93C006DCB29 /* Release */,
			);
			defaultConfigurationIsVisible = 0;
			defaultConfigurationName = Release;
		};
/* End XCConfigurationList section */

/* Begin XCRemoteSwiftPackageReference section */
		552127932C0DF8F40019021E /* XCRemoteSwiftPackageReference "lottie-ios" */ = {
			isa = XCRemoteSwiftPackageReference;
			repositoryURL = "https://github.com/airbnb/lottie-ios.git";
			requirement = {
				kind = upToNextMajorVersion;
				minimumVersion = 4.4.3;
			};
		};
		5584351C2C0537D30092474A /* XCRemoteSwiftPackageReference "realm-swift" */ = {
			isa = XCRemoteSwiftPackageReference;
			repositoryURL = "https://github.com/realm/realm-swift";
			requirement = {
				branch = master;
				kind = branch;
			};
		};
/* End XCRemoteSwiftPackageReference section */

/* Begin XCSwiftPackageProductDependency section */
		552127942C0DF8F40019021E /* Lottie */ = {
			isa = XCSwiftPackageProductDependency;
			package = 552127932C0DF8F40019021E /* XCRemoteSwiftPackageReference "lottie-ios" */;
			productName = Lottie;
		};
		5584351F2C0537D30092474A /* RealmSwift */ = {
			isa = XCSwiftPackageProductDependency;
			package = 5584351C2C0537D30092474A /* XCRemoteSwiftPackageReference "realm-swift" */;
			productName = RealmSwift;
		};
/* End XCSwiftPackageProductDependency section */
	};
	rootObject = 558711CD2BF9D93A006DCB29 /* Project object */;
}
